
Microsoft Visual Studio Solution File, Format Version 12.00
# Visual Studio 15
VisualStudioVersion = 15.0.28010.2050
MinimumVisualStudioVersion = 10.0.40219.1
Project("{9A19103F-16F7-4668-BE54-9A1E7A4F7556}") = "Niyw.Configuration.SqlServer.Host", "host\Niyw.Configuration.SqlServer.Host\Niyw.Configuration.SqlServer.Host.csproj", "{102D8749-A89D-40FE-8690-91EC645B4CD8}"
EndProject
Project("{9A19103F-16F7-4668-BE54-9A1E7A4F7556}") = "Niyw.Configuration.SqlServer", "src\Niyw.Configuration.SqlServer\Niyw.Configuration.SqlServer.csproj", "{96B9E1B1-1B09-467A-98DD-70659F8F7786}"
EndProject
Project("{2150E333-8FDC-42A3-9474-1A3956D46DE8}") = "host", "host", "{94D3CAD9-3643-4A18-9526-3EAF7FE81E7F}"
EndProject
Project("{2150E333-8FDC-42A3-9474-1A3956D46DE8}") = "src", "src", "{BCE24326-D13D-4B3F-93BE-8A2AFDAB022F}"
EndProject
Project("{2150E333-8FDC-42A3-9474-1A3956D46DE8}") = "test", "test", "{C72D11F8-92BF-4B36-AC9E-0D2E13A28C8C}"
EndProject
Project("{2150E333-8FDC-42A3-9474-1A3956D46DE8}") = "docs", "docs", "{D3FFA7D7-59C9-4B1F-B031-62B23ECD271B}"
EndProject
Project("{9A19103F-16F7-4668-BE54-9A1E7A4F7556}") = "Niyw.Configuration.SqlServer.Test", "test\Niyw.Configuration.SqlServer.Test\Niyw.Configuration.SqlServer.Test.csproj", "{4F078D12-68E5-435D-ACBF-84CCF2406CAB}"
EndProject
Global
	GlobalSection(SolutionConfigurationPlatforms) = preSolution
		Debug|Any CPU = Debug|Any CPU
		Release|Any CPU = Release|Any CPU
	EndGlobalSection
	GlobalSection(ProjectConfigurationPlatforms) = postSolution
		{102D8749-A89D-40FE-8690-91EC645B4CD8}.Debug|Any CPU.ActiveCfg = Debug|Any CPU
		{102D8749-A89D-40FE-8690-91EC645B4CD8}.Debug|Any CPU.Build.0 = Debug|Any CPU
		{102D8749-A89D-40FE-8690-91EC645B4CD8}.Release|Any CPU.ActiveCfg = Release|Any CPU
		{102D8749-A89D-40FE-8690-91EC645B4CD8}.Release|Any CPU.Build.0 = Release|Any CPU
		{96B9E1B1-1B09-467A-98DD-70659F8F7786}.Debug|Any CPU.ActiveCfg = Debug|Any CPU
		{96B9E1B1-1B09-467A-98DD-70659F8F7786}.Debug|Any CPU.Build.0 = Debug|Any CPU
		{96B9E1B1-1B09-467A-98DD-70659F8F7786}.Release|Any CPU.ActiveCfg = Release|Any CPU
		{96B9E1B1-1B09-467A-98DD-70659F8F7786}.Release|Any CPU.Build.0 = Release|Any CPU
		{4F078D12-68E5-435D-ACBF-84CCF2406CAB}.Debug|Any CPU.ActiveCfg = Debug|Any CPU
		{4F078D12-68E5-435D-ACBF-84CCF2406CAB}.Debug|Any CPU.Build.0 = Debug|Any CPU
		{4F078D12-68E5-435D-ACBF-84CCF2406CAB}.Release|Any CPU.ActiveCfg = Release|Any CPU
		{4F078D12-68E5-435D-ACBF-84CCF2406CAB}.Release|Any CPU.Build.0 = Release|Any CPU
	EndGlobalSection
	GlobalSection(SolutionProperties) = preSolution
		HideSolutionNode = FALSE
	EndGlobalSection
	GlobalSection(NestedProjects) = preSolution
		{102D8749-A89D-40FE-8690-91EC645B4CD8} = {94D3CAD9-3643-4A18-9526-3EAF7FE81E7F}
		{96B9E1B1-1B09-467A-98DD-70659F8F7786} = {BCE24326-D13D-4B3F-93BE-8A2AFDAB022F}
		{4F078D12-68E5-435D-ACBF-84CCF2406CAB} = {C72D11F8-92BF-4B36-AC9E-0D2E13A28C8C}
	EndGlobalSection
	GlobalSection(ExtensibilityGlobals) = postSolution
		SolutionGuid = {A997EB5D-AEA4-4309-96CA-24DE13105674}
	EndGlobalSection
EndGlobal
